
Microsoft Visual Studio Solution File, Format Version 12.00
# Visual Studio Version 17
VisualStudioVersion = 17.0.31903.59
MinimumVisualStudioVersion = 10.0.40219.1
Project("{2150E333-8FDC-42A3-9474-1A3956D46DE8}") = "src", "src", "{827E0CD3-B72D-47B6-A68D-7590B98EB39B}"
EndProject
Project("{FAE04EC0-301F-11D3-BF4B-00C04F79EFBC}") = "BehaviorRecognizer", "src\BehaviorRecognizer\BehaviorRecognizer.csproj", "{39439DE2-CC5E-4E53-9118-025750E1B940}"
EndProject
Project("{FAE04EC0-301F-11D3-BF4B-00C04F79EFBC}") = "OpenTabletDriver", "..\OpenTabletDriver\OpenTabletDriver\OpenTabletDriver.csproj", "{0F11C261-8DA9-4335-A479-7BCBA7CC3D3F}"
EndProject
Project("{FAE04EC0-301F-11D3-BF4B-00C04F79EFBC}") = "OpenTabletDriver.Plugin", "..\OpenTabletDriver\OpenTabletDriver.Plugin\OpenTabletDriver.Plugin.csproj", "{B2E4355F-D312-42D3-B2CA-60179B37C224}"
EndProject
Project("{FAE04EC0-301F-11D3-BF4B-00C04F79EFBC}") = "OpenTabletDriver.Native", "..\OpenTabletDriver\OpenTabletDriver.Native\OpenTabletDriver.Native.csproj", "{DCBC1C2A-1DC2-4E27-9118-C1070F3BED23}"
EndProject
Project("{FAE04EC0-301F-11D3-BF4B-00C04F79EFBC}") = "OpenTabletDriver.Configurations", "..\OpenTabletDriver\OpenTabletDriver.Configurations\OpenTabletDriver.Configurations.csproj", "{F570DF93-2F98-4C59-BCD6-F7B28B0DF64A}"
EndProject
Project("{2150E333-8FDC-42A3-9474-1A3956D46DE8}") = "tests", "tests", "{0AB3BF05-4346-4AA6-1389-037BE0695223}"
EndProject
Project("{FAE04EC0-301F-11D3-BF4B-00C04F79EFBC}") = "BehaviorRecognizer.Tests", "tests\BehaviorRecognizer.Tests\BehaviorRecognizer.Tests.csproj", "{67BA8EA2-C750-451A-92D0-5EA5BED72B34}"
EndProject
Global
	GlobalSection(SolutionConfigurationPlatforms) = preSolution
		Debug|Any CPU = Debug|Any CPU
		Debug|x64 = Debug|x64
		Debug|x86 = Debug|x86
		Release|Any CPU = Release|Any CPU
		Release|x64 = Release|x64
		Release|x86 = Release|x86
	EndGlobalSection
	GlobalSection(ProjectConfigurationPlatforms) = postSolution
		{39439DE2-CC5E-4E53-9118-025750E1B940}.Debug|Any CPU.ActiveCfg = Debug|Any CPU
		{39439DE2-CC5E-4E53-9118-025750E1B940}.Debug|Any CPU.Build.0 = Debug|Any CPU
		{39439DE2-CC5E-4E53-9118-025750E1B940}.Debug|x64.ActiveCfg = Debug|Any CPU
		{39439DE2-CC5E-4E53-9118-025750E1B940}.Debug|x64.Build.0 = Debug|Any CPU
		{39439DE2-CC5E-4E53-9118-025750E1B940}.Debug|x86.ActiveCfg = Debug|Any CPU
		{39439DE2-CC5E-4E53-9118-025750E1B940}.Debug|x86.Build.0 = Debug|Any CPU
		{39439DE2-CC5E-4E53-9118-025750E1B940}.Release|Any CPU.ActiveCfg = Release|Any CPU
		{39439DE2-CC5E-4E53-9118-025750E1B940}.Release|Any CPU.Build.0 = Release|Any CPU
		{39439DE2-CC5E-4E53-9118-025750E1B940}.Release|x64.ActiveCfg = Release|Any CPU
		{39439DE2-CC5E-4E53-9118-025750E1B940}.Release|x64.Build.0 = Release|Any CPU
		{39439DE2-CC5E-4E53-9118-025750E1B940}.Release|x86.ActiveCfg = Release|Any CPU
		{39439DE2-CC5E-4E53-9118-025750E1B940}.Release|x86.Build.0 = Release|Any CPU
		{0F11C261-8DA9-4335-A479-7BCBA7CC3D3F}.Debug|Any CPU.ActiveCfg = Debug|Any CPU
		{0F11C261-8DA9-4335-A479-7BCBA7CC3D3F}.Debug|Any CPU.Build.0 = Debug|Any CPU
		{0F11C261-8DA9-4335-A479-7BCBA7CC3D3F}.Debug|x64.ActiveCfg = Debug|Any CPU
		{0F11C261-8DA9-4335-A479-7BCBA7CC3D3F}.Debug|x64.Build.0 = Debug|Any CPU
		{0F11C261-8DA9-4335-A479-7BCBA7CC3D3F}.Debug|x86.ActiveCfg = Debug|Any CPU
		{0F11C261-8DA9-4335-A479-7BCBA7CC3D3F}.Debug|x86.Build.0 = Debug|Any CPU
		{0F11C261-8DA9-4335-A479-7BCBA7CC3D3F}.Release|Any CPU.ActiveCfg = Release|Any CPU
		{0F11C261-8DA9-4335-A479-7BCBA7CC3D3F}.Release|Any CPU.Build.0 = Release|Any CPU
		{0F11C261-8DA9-4335-A479-7BCBA7CC3D3F}.Release|x64.ActiveCfg = Release|Any CPU
		{0F11C261-8DA9-4335-A479-7BCBA7CC3D3F}.Release|x64.Build.0 = Release|Any CPU
		{0F11C261-8DA9-4335-A479-7BCBA7CC3D3F}.Release|x86.ActiveCfg = Release|Any CPU
		{0F11C261-8DA9-4335-A479-7BCBA7CC3D3F}.Release|x86.Build.0 = Release|Any CPU
		{B2E4355F-D312-42D3-B2CA-60179B37C224}.Debug|Any CPU.ActiveCfg = Debug|Any CPU
		{B2E4355F-D312-42D3-B2CA-60179B37C224}.Debug|Any CPU.Build.0 = Debug|Any CPU
		{B2E4355F-D312-42D3-B2CA-60179B37C224}.Debug|x64.ActiveCfg = Debug|Any CPU
		{B2E4355F-D312-42D3-B2CA-60179B37C224}.Debug|x64.Build.0 = Debug|Any CPU
		{B2E4355F-D312-42D3-B2CA-60179B37C224}.Debug|x86.ActiveCfg = Debug|Any CPU
		{B2E4355F-D312-42D3-B2CA-60179B37C224}.Debug|x86.Build.0 = Debug|Any CPU
		{B2E4355F-D312-42D3-B2CA-60179B37C224}.Release|Any CPU.ActiveCfg = Release|Any CPU
		{B2E4355F-D312-42D3-B2CA-60179B37C224}.Release|Any CPU.Build.0 = Release|Any CPU
		{B2E4355F-D312-42D3-B2CA-60179B37C224}.Release|x64.ActiveCfg = Release|Any CPU
		{B2E4355F-D312-42D3-B2CA-60179B37C224}.Release|x64.Build.0 = Release|Any CPU
		{B2E4355F-D312-42D3-B2CA-60179B37C224}.Release|x86.ActiveCfg = Release|Any CPU
		{B2E4355F-D312-42D3-B2CA-60179B37C224}.Release|x86.Build.0 = Release|Any CPU
		{DCBC1C2A-1DC2-4E27-9118-C1070F3BED23}.Debug|Any CPU.ActiveCfg = Debug|Any CPU
		{DCBC1C2A-1DC2-4E27-9118-C1070F3BED23}.Debug|Any CPU.Build.0 = Debug|Any CPU
		{DCBC1C2A-1DC2-4E27-9118-C1070F3BED23}.Debug|x64.ActiveCfg = Debug|Any CPU
		{DCBC1C2A-1DC2-4E27-9118-C1070F3BED23}.Debug|x64.Build.0 = Debug|Any CPU
		{DCBC1C2A-1DC2-4E27-9118-C1070F3BED23}.Debug|x86.ActiveCfg = Debug|Any CPU
		{DCBC1C2A-1DC2-4E27-9118-C1070F3BED23}.Debug|x86.Build.0 = Debug|Any CPU
		{DCBC1C2A-1DC2-4E27-9118-C1070F3BED23}.Release|Any CPU.ActiveCfg = Release|Any CPU
		{DCBC1C2A-1DC2-4E27-9118-C1070F3BED23}.Release|Any CPU.Build.0 = Release|Any CPU
		{DCBC1C2A-1DC2-4E27-9118-C1070F3BED23}.Release|x64.ActiveCfg = Release|Any CPU
		{DCBC1C2A-1DC2-4E27-9118-C1070F3BED23}.Release|x64.Build.0 = Release|Any CPU
		{DCBC1C2A-1DC2-4E27-9118-C1070F3BED23}.Release|x86.ActiveCfg = Release|Any CPU
		{DCBC1C2A-1DC2-4E27-9118-C1070F3BED23}.Release|x86.Build.0 = Release|Any CPU
		{F570DF93-2F98-4C59-BCD6-F7B28B0DF64A}.Debug|Any CPU.ActiveCfg = Debug|Any CPU
		{F570DF93-2F98-4C59-BCD6-F7B28B0DF64A}.Debug|Any CPU.Build.0 = Debug|Any CPU
		{F570DF93-2F98-4C59-BCD6-F7B28B0DF64A}.Debug|x64.ActiveCfg = Debug|Any CPU
		{F570DF93-2F98-4C59-BCD6-F7B28B0DF64A}.Debug|x64.Build.0 = Debug|Any CPU
		{F570DF93-2F98-4C59-BCD6-F7B28B0DF64A}.Debug|x86.ActiveCfg = Debug|Any CPU
		{F570DF93-2F98-4C59-BCD6-F7B28B0DF64A}.Debug|x86.Build.0 = Debug|Any CPU
		{F570DF93-2F98-4C59-BCD6-F7B28B0DF64A}.Release|Any CPU.ActiveCfg = Release|Any CPU
		{F570DF93-2F98-4C59-BCD6-F7B28B0DF64A}.Release|Any CPU.Build.0 = Release|Any CPU
		{F570DF93-2F98-4C59-BCD6-F7B28B0DF64A}.Release|x64.ActiveCfg = Release|Any CPU
		{F570DF93-2F98-4C59-BCD6-F7B28B0DF64A}.Release|x64.Build.0 = Release|Any CPU
		{F570DF93-2F98-4C59-BCD6-F7B28B0DF64A}.Release|x86.ActiveCfg = Release|Any CPU
		{F570DF93-2F98-4C59-BCD6-F7B28B0DF64A}.Release|x86.Build.0 = Release|Any CPU
		{67BA8EA2-C750-451A-92D0-5EA5BED72B34}.Debug|Any CPU.ActiveCfg = Debug|Any CPU
		{67BA8EA2-C750-451A-92D0-5EA5BED72B34}.Debug|Any CPU.Build.0 = Debug|Any CPU
		{67BA8EA2-C750-451A-92D0-5EA5BED72B34}.Debug|x64.ActiveCfg = Debug|Any CPU
		{67BA8EA2-C750-451A-92D0-5EA5BED72B34}.Debug|x64.Build.0 = Debug|Any CPU
		{67BA8EA2-C750-451A-92D0-5EA5BED72B34}.Debug|x86.ActiveCfg = Debug|Any CPU
		{67BA8EA2-C750-451A-92D0-5EA5BED72B34}.Debug|x86.Build.0 = Debug|Any CPU
		{67BA8EA2-C750-451A-92D0-5EA5BED72B34}.Release|Any CPU.ActiveCfg = Release|Any CPU
		{67BA8EA2-C750-451A-92D0-5EA5BED72B34}.Release|Any CPU.Build.0 = Release|Any CPU
		{67BA8EA2-C750-451A-92D0-5EA5BED72B34}.Release|x64.ActiveCfg = Release|Any CPU
		{67BA8EA2-C750-451A-92D0-5EA5BED72B34}.Release|x64.Build.0 = Release|Any CPU
		{67BA8EA2-C750-451A-92D0-5EA5BED72B34}.Release|x86.ActiveCfg = Release|Any CPU
		{67BA8EA2-C750-451A-92D0-5EA5BED72B34}.Release|x86.Build.0 = Release|Any CPU
	EndGlobalSection
	GlobalSection(SolutionProperties) = preSolution
		HideSolutionNode = FALSE
	EndGlobalSection
	GlobalSection(NestedProjects) = preSolution
		{39439DE2-CC5E-4E53-9118-025750E1B940} = {827E0CD3-B72D-47B6-A68D-7590B98EB39B}
		{67BA8EA2-C750-451A-92D0-5EA5BED72B34} = {0AB3BF05-4346-4AA6-1389-037BE0695223}
	EndGlobalSection
	GlobalSection(ExtensibilityGlobals) = postSolution
		SolutionGuid = {B88DEF04-1C3F-499A-947B-762E8B3AAABC}
	EndGlobalSection
EndGlobal
